lockfileVersion: '9.0'

settings:
  autoInstallPeers: true
  excludeLinksFromLockfile: false

importers:

  .:
    dependencies:
      debug:
        specifier: ^4.4.3
        version: 4.4.3
      eventemitter2:
        specifier: ^6.4.9
        version: 6.4.9
      ws:
        specifier: ^8.21.0
        version: 8.21.1
    devDependencies:
      '@dprint/typescript':
        specifier: ^0.96.1
        version: 0.96.1
      '@tsconfig/node24':
        specifier: ^24.0.4
        version: 24.0.4
      '@types/debug':
        specifier: ^4.1.13
        version: 4.1.13
      '@types/node':
        specifier: ^24.13.2
        version: 24.13.3
      '@types/ws':
        specifier: ^8.18.1
        version: 8.18.1
      dprint:
        specifier: ^0.54.0
        version: 0.54.0
      globals:
        specifier: ^17.6.0
        version: 17.9.0
      oxlint:
        specifier: ^1.70.0
        version: 1.77.0(oxlint-tsgolint@0.23.0)
      oxlint-tsgolint:
        specifier: ^0.23.0
        version: 0.23.0
      rimraf:
        specifier: ^6.1.3
        version: 6.1.3
      typescript:
        specifier: ^6.0.3
        version: 6.0.3

packages:

  '@dprint/darwin-arm64@0.54.0':
    resolution: {integrity: sha512-yqRI4enH+BDp+4+ZsPVdZM5h873JK1lN7li9l9A5u4C4cvh1oEsiBWAzEPccRkJ2ctF8LgaizBSxO38sqEVYbw==}
    cpu: [arm64]
    os: [darwin]

  '@dprint/darwin-x64@0.54.0':
    resolution: {integrity: sha512-W9BARpgHypcQwatg5mnHaCpX6pLX5dBxxiv+tZKruhOmq8MKYOrAYDXlceMuHSowmWREfUF5yL4SRgXDGI6WQw==}
    cpu: [x64]
    os: [darwin]

  '@dprint/linux-arm64-glibc@0.54.0':
    resolution: {integrity: sha512-VhM7p70VFuNqxZMdiv1e+nMboPj/hMFlTIBWrRaX7+6VThs9mJr9+94wrUeXgfnfsyaEKSbRFa/dru1PINoSNw==}
    cpu: [arm64]
    os: [linux]
    libc: [glibc]

  '@dprint/linux-arm64-musl@0.54.0':
    resolution: {integrity: sha512-QS1A74Lv60/L9oemHCzbHgOLbV2smSJG5IxS5fjf8ZWetyUt918WDzIHBilz/+uiB+OlW2UVTsm952UG0YOrLw==}
    cpu: [arm64]
    os: [linux]
    libc: [musl]

  '@dprint/linux-loong64-glibc@0.54.0':
    resolution: {integrity: sha512-8Myka2/0KbhuZnEKL6jagPXTgDKVpd/tfXDRa0oibUBgaqOSku6iRMzHGa/PhqHL+s14Gcp+/cIHz0zU3Tkgug==}
    cpu: [loong64]
    os: [linux]
    libc: [glibc]

  '@dprint/linux-loong64-musl@0.54.0':
    resolution: {integrity: sha512-/AN3xCuMhC4PK7Pbj7/4zBuhFGr4m0OHV/5uGTfzpkKX/3+AXoyKl7PbT2VlNMGXAK0kuRThfjtx23gIwlWk7Q==}
    cpu: [loong64]
    os: [linux]
    libc: [musl]

  '@dprint/linux-riscv64-glibc@0.54.0':
    resolution: {integrity: sha512-Aw2vXzzwFDpPbXh6ajsSabVCkCc66C3hCyMKprR/IxYvFtjYX80nh1ox0c7iaw6c4HacHMRLGw7FUSXvomPaEQ==}
    cpu: [riscv64]
    os: [linux]
    libc: [glibc]

  '@dprint/linux-x64-glibc@0.54.0':
    resolution: {integrity: sha512-zZqj3wQELOX8n6QfT2uuWoMf64Wv0lMXNyam3btm+PKkg0P6a54TPL09Bs9XsViOdxgTcamsiQ7HlErt/LEjIA==}
    cpu: [x64]
    os: [linux]
    libc: [glibc]

  '@dprint/linux-x64-musl@0.54.0':
    resolution: {integrity: sha512-it6Qdt06dyW2adbAXpOCb7/KQLxlm4i1UphUAWqWsZk4t3EYetyAza9J0g3Vu9itIWSEIo9MnccgANckQJ6+qw==}
    cpu: [x64]
    os: [linux]
    libc: [musl]

  '@dprint/typescript@0.96.1':
    resolution: {integrity: sha512-mz/nINSFQh1R5i2Qy90SWOCCK4SgNGRkNhCZba7LYmUkE4Zi8/45p8l8pqc9yN1fb4XY5Muhrzdh5Q3jFsYimw==}

  '@dprint/win32-arm64@0.54.0':
    resolution: {integrity: sha512-F5kjV/6I9YtNOTDWHUpTqM2HHHS510BPL7z4NJuU0nDnaVeks7GwNEltGr56CcsG8XQYhkiAsqZytPu6AhA2hQ==}
    cpu: [arm64]
    os: [win32]

  '@dprint/win32-x64@0.54.0':
    resolution: {integrity: sha512-AAr2ye/DtgYXDplRoPS+5U++x7T6W4a3I9FvTFWFxziFmUptvAg5G2c4FcXoAduSruhYZJvjDZrLseR2c3IwXg==}
    cpu: [x64]
    os: [win32]

  '@oxlint-tsgolint/darwin-arm64@0.23.0':
    resolution: {integrity: sha512-gOs9PVr2wEg4ox9z0aJo+RKhhImW86YL5N6yav8BK/rgPsIrwN/igSZ+pbRr723NFvUNKde9fgMhRA6JrXAOZw==}
    cpu: [arm64]
    os: [darwin]

  '@oxlint-tsgolint/darwin-x64@0.23.0':
    resolution: {integrity: sha512-kjJ8B+7n4tB9VJdxS5A9GdJt6/bYpzbu4lXp2uO1S3sRmCB5gDEABlGoiePNApRWaW+xqL4b4xgiE727jSLhuA==}
    cpu: [x64]
    os: [darwin]

  '@oxlint-tsgolint/linux-arm64@0.23.0':
    resolution: {integrity: sha512-6dCZuKNu135seMXilkRk9SpCx6i1XgmiipYGalLij5WVRX6ZYS8c4xI7preN/zv9fCXhsQclTIMDu2Y/cytTjw==}
    cpu: [arm64]
    os: [linux]

  '@oxlint-tsgolint/linux-x64@0.23.0':
    resolution: {integrity: sha512-3bdilnyA7kmSTjK27rvjIjSxL5SIg3wt7vwNiRkouWB83ytssyKnuGvxSYJxgMEmFpSutzaBzcCUM2jDtPGcgA==}
    cpu: [x64]
    os: [linux]

  '@oxlint-tsgolint/win32-arm64@0.23.0':
    resolution: {integrity: sha512-j+OEp44SVYiQ+ZD+uttsX7u6L9SvmbbQ77SO1pSFCcJlsVMeCk8qZsjhKfGKuT/jIA+ipOJMVs/+pqUfObBWNw==}
    cpu: [arm64]
    os: [win32]

  '@oxlint-tsgolint/win32-x64@0.23.0':
    resolution: {integrity: sha512-5MyjFuqf+g8OUPJBSGWHJtmoWnzFJYyOg4To9WMQshZYEWig/vtu7JtJ03VWnzHv9LJkAUeApY0gVCOywFR/iQ==}
    cpu: [x64]
    os: [win32]

  '@oxlint/binding-android-arm-eabi@1.77.0':
    resolution: {integrity: sha512-E06sKWS6PiI6HRxS1wyQg22HvApt01hI7fV+T3wUk3OSbaaP4a3hYGY/MIQDmASqCiRjBdpRQYkgMkqH82cWmQ==}
    engines: {node: ^20.19.0 || >=22.12.0}
    cpu: [arm]
    os: [android]

  '@oxlint/binding-android-arm64@1.77.0':
    resolution: {integrity: sha512-NvsKz0KZxTp9cYWPLf+FXaSZwB3oO3peAjtukpOMBgse2vhQSoIIVqeO1yR0lEo/UcdZIDL18uq+kL0LzQ0ytA==}
    engines: {node: ^20.19.0 || >=22.12.0}
    cpu: [arm64]
    os: [android]

  '@oxlint/binding-darwin-arm64@1.77.0':
    resolution: {integrity: sha512-bgjTn6nW4bQCFBvSvuHCpDD+sONvmpo4lGI4PxzMt1quBA+xYxhczk6RiCn3GZ9gY8uhaBbwhj9MdKGfu6T9DA==}
    engines: {node: ^20.19.0 || >=22.12.0}
    cpu: [arm64]
    os: [darwin]

  '@oxlint/binding-darwin-x64@1.77.0':
    resolution: {integrity: sha512-aotaIttH1R6j1Rwhx0M0htgeZyGtVQqYNTVEYMN/UcgHPquGA6kmk9OyuDc3a2GKUQBC+3C3GVQCcrRPMYqAFA==}
    engines: {node: ^20.19.0 || >=22.12.0}
    cpu: [x64]
    os: [darwin]

  '@oxlint/binding-freebsd-x64@1.77.0':
    resolution: {integrity: sha512-nNx/wta7ksRAdYvq+l4AWjXkLxEXHALhENxjj2cYbQAIR4ybaA5L+hCbE63HOmft5czQ6ks+hb8vmEAnn7YGPg==}
    engines: {node: ^20.19.0 || >=22.12.0}
    cpu: [x64]
    os: [freebsd]

  '@oxlint/binding-linux-arm-gnueabihf@1.77.0':
    resolution: {integrity: sha512-tMLLjM7xXtzXisVCzkOTXNCy9bZVId2wteNwjohlFDR/jY6WagpEDA1c1wu4xRc20Hojaxj+V6DSR7gbKxijWA==}
    engines: {node: ^20.19.0 || >=22.12.0}
    cpu: [arm]
    os: [linux]

  '@oxlint/binding-linux-arm-musleabihf@1.77.0':
    resolution: {integrity: sha512-MiAFDFaqR0tmHTAyo0YDcZ5hyLREdYw/RQhc2R3cbT+8O3tB+zqPM2th9TTQ+Uo3jn/embS+DO+HyX9ztCPkOQ==}
    engines: {node: ^20.19.0 || >=22.12.0}
    cpu: [arm]
    os: [linux]

  '@oxlint/binding-linux-arm64-gnu@1.77.0':
    resolution: {integrity: sha512-/xqQ3B16i1T4cyt/9Mn+4CpzhUXoBXp7kVpIwzOXNFLj5JmK1bIjsbSnX296Gg8A/o7oDtKWikFgBx0SLwztkw==}
    engines: {node: ^20.19.0 || >=22.12.0}
    cpu: [arm64]
    os: [linux]
    libc: [glibc]

  '@oxlint/binding-linux-arm64-musl@1.77.0':
    resolution: {integrity: sha512-LSbwuRKiNCenPDcbARqAZ5RfBy7gmj7vOvfJRLeCDU3gFtSxWbhv/+VTlaUqzUhNj1gFLHB8h7ALnxa/Az6z6g==}
    engines: {node: ^20.19.0 || >=22.12.0}
    cpu: [arm64]
    os: [linux]
    libc: [musl]

  '@oxlint/binding-linux-ppc64-gnu@1.77.0':
    resolution: {integrity: sha512-QWdcH31mXEUe5Nq1s0CfCpceaKjIo9uZtwDjAuL681g1axf+5x8xrg/eXWaw//4NCxYZ4V4e5Hu5tvdR+pTBlg==}
    engines: {node: ^20.19.0 || >=22.12.0}
    cpu: [ppc64]
    os: [linux]
    libc: [glibc]

  '@oxlint/binding-linux-riscv64-gnu@1.77.0':
    resolution: {integrity: sha512-GnOfYgJxbcElOiPZaDFDl406ONddwvOWk2jvAAAEjwAl4GofNoHF+/HHUIBYa6bFCArlcGPi0XjC4cU1pkgF/Q==}
    engines: {node: ^20.19.0 || >=22.12.0}
    cpu: [riscv64]
    os: [linux]
    libc: [glibc]

  '@oxlint/binding-linux-riscv64-musl@1.77.0':
    resolution: {integrity: sha512-AyEMTUCf0xY+hHF+IxqXFQIX0yQOIR8ykpY0lJNOw9xYqOzUX8dyZfRvlG0RfXwuQn2eonf/8NrMmDSZJjdqsA==}
    engines: {node: ^20.19.0 || >=22.12.0}
    cpu: [riscv64]
    os: [linux]
    libc: [musl]

  '@oxlint/binding-linux-s390x-gnu@1.77.0':
    resolution: {integrity: sha512-sPLzEcNvxd/oyVQ5oZo92CiHkFkpBeRop13E/P3TPY+hZfXHKCOWKI70TE2RYwMKFJDc20EMjH16L7NZICtKTw==}
    engines: {node: ^20.19.0 || >=22.12.0}
    cpu: [s390x]
    os: [linux]
    libc: [glibc]

  '@oxlint/binding-linux-x64-gnu@1.77.0':
    resolution: {integrity: sha512-1Oh2ssH2L7lwyvkdSqaMUfsGfwU2Wfvew+obBUYjRVqhpBcUpwnsPSEr1IzVi9XqkuY10geiLsNKecqaZC34Dw==}
    engines: {node: ^20.19.0 || >=22.12.0}
    cpu: [x64]
    os: [linux]
    libc: [glibc]

  '@oxlint/binding-linux-x64-musl@1.77.0':
    resolution: {integrity: sha512-0j/2wRgNGO+Qj/M1uu/p57h/hFTTWWcfie0ufkbabeus2s5+/QqkCflnMOwLLN5m2GsNeWp4xdl4cPa4n7QCOQ==}
    engines: {node: ^20.19.0 || >=22.12.0}
    cpu: [x64]
    os: [linux]
    libc: [musl]

  '@oxlint/binding-openharmony-arm64@1.77.0':
    resolution: {integrity: sha512-BJ/j54qS0usEnyDkLYURMj2iiD9h5Cyy+ppzeMSXBGRXaGRNWnj1Mw14NqWMR5E/PzdgB30OOCCzLzbRoduafw==}
    engines: {node: ^20.19.0 || >=22.12.0}
    cpu: [arm64]
    os: [openharmony]

  '@oxlint/binding-win32-arm64-msvc@1.77.0':
    resolution: {integrity: sha512-Yh8w+g2Lpx7StrvtYkoz9JJvXjB9wxgFChFNb85nrXm/wj/XTwGWS1hve9+900HL7llrntYB3YP+y32E3tRqzA==}
    engines: {node: ^20.19.0 || >=22.12.0}
    cpu: [arm64]
    os: [win32]

  '@oxlint/binding-win32-ia32-msvc@1.77.0':
    resolution: {integrity: sha512-zja5b7+6a7UsRFgAQSrnax5vrzliEyNPLCjfXONu/vTWswaIVZGFajJZptaeRvPE4LghtFdAzVFlexTm7MVTGA==}
    engines: {node: ^20.19.0 || >=22.12.0}
    cpu: [ia32]
    os: [win32]

  '@oxlint/binding-win32-x64-msvc@1.77.0':
    resolution: {integrity: sha512-+teyvPDZ2RjUvo+SuCqS/UhaJl1QtdW5fWT5NJTV61V5MIuIS90Db9LixmtEGvXixyttiK62P96MSu3UlpviBw==}
    engines: {node: ^20.19.0 || >=22.12.0}
    cpu: [x64]
    os: [win32]

  '@tsconfig/node24@24.0.4':
    resolution: {integrity: sha512-2A933l5P5oCbv6qSxHs7ckKwobs8BDAe9SJ/Xr2Hy+nDlwmLE1GhFh/g/vXGRZWgxBg9nX/5piDtHR9Dkw/XuA==}

  '@types/debug@4.1.13':
    resolution: {integrity: sha512-KSVgmQmzMwPlmtljOomayoR89W4FynCAi3E8PPs7vmDVPe84hT+vGPKkJfThkmXs0x0jAaa9U8uW8bbfyS2fWw==}

  '@types/ms@2.1.0':
    resolution: {integrity: sha512-GsCCIZDE/p3i96vtEqx+7dBUGXrc7zeSK3wwPHIaRThS+9OhWIXRqzs4d6k1SVU8g91DrNRWxWUGhp5KXQb2VA==}

  '@types/node@24.13.3':
    resolution: {integrity: sha512-Dh8vAsV36ig5wa9OX4pXvMc9D3Veibfw2wix0CUwYODLD8nkj9UsLjASr49nPg+2eKzxhBV+v7L8pXvT4e639Q==}

  '@types/ws@8.18.1':
    resolution: {integrity: sha512-ThVF6DCVhA8kUGy+aazFQ4kXQ7E1Ty7A3ypFOe0IcJV8O/M511G99AW24irKrW56Wt44yG9+ij8FaqoBGkuBXg==}

  balanced-match@4.0.4:
    resolution: {integrity: sha512-BLrgEcRTwX2o6gGxGOCNyMvGSp35YofuYzw9h1IMTRmKqttAZZVU67bdb9Pr2vUHA8+j3i2tJfjO6C6+4myGTA==}
    engines: {node: 18 || 20 || >=22}

  brace-expansion@5.0.9:
    resolution: {integrity: sha512-ScQ4IuvIEF1TMlP7Zt+vjJ//9zlPb2SDcxWxM3bk8s6t6GGdJ7KO1dCcTidOPJKePW30LE/2cT7wCyPho9/Wxg==}
    engines: {node: 20 || >=22}

  debug@4.4.3:
    resolution: {integrity: sha512-RGwwWnwQvkVfavKVt22FGLw+xYSdzARwm0ru6DhTVA3umU5hZc28V3kO4stgYryrTlLpuvgI9GiijltAjNbcqA==}
    engines: {node: '>=6.0'}
    peerDependencies:
      supports-color: '*'
    peerDependenciesMeta:
      supports-color:
        optional: true

  dprint@0.54.0:
    resolution: {integrity: sha512-sIy25poR2gRP/tWPTgP0MPeJoJcpv0xzYDcsboapvthbEt1Qw3Al252CA0xFyIh2cYEGGKyBJtKokryv4ERlJw==}
    hasBin: true

  eventemitter2@6.4.9:
    resolution: {integrity: sha512-JEPTiaOt9f04oa6NOkc4aH+nVp5I3wEjpHbIPqfgCdD5v5bUzy7xQqwcVO2aDQgOWhI28da57HksMrzK9HlRxg==}

  glob@13.0.6:
    resolution: {integrity: sha512-Wjlyrolmm8uDpm/ogGyXZXb1Z+Ca2B8NbJwqBVg0axK9GbBeoS7yGV6vjXnYdGm6X53iehEuxxbyiKp8QmN4Vw==}
    engines: {node: 18 || 20 || >=22}

  globals@17.9.0:
    resolution: {integrity: sha512-m/MvAW61QVU5VDNF1Vj8axt016h8w7L5TU1e9zlab7XIttAT2YAlCwl75K1fOqvMM9apmD7lbCIRhpfkhmxhCg==}
    engines: {node: '>=18'}

  lru-cache@11.5.2:
    resolution: {integrity: sha512-4pfM1Ff0x50o0tQwb5ucw/RzNyD0/YJME6IVcStalZuMWxdt3sR3huStTtxz4PUmvZfRguvDejasvQ2kifR11g==}
    engines: {node: 20 || >=22}

  minimatch@10.2.6:
    resolution: {integrity: sha512-vpLQEs+VLCr1nU0BXS07maYoFwlDAH0gngQuuttxIwutDFEMHq2blX+8vpgxDdK3J1PwjCJiep77OitTZ4Ll1A==}
    engines: {node: 18 || 20 || >=22}

  minipass@7.1.3:
    resolution: {integrity: sha512-tEBHqDnIoM/1rXME1zgka9g6Q2lcoCkxHLuc7ODJ5BxbP5d4c2Z5cGgtXAku59200Cx7diuHTOYfSBD8n6mm8A==}
    engines: {node: '>=16 || 14 >=14.17'}

  ms@2.1.3:
    resolution: {integrity: sha512-6FlzubTLZG3J2a/NVCAleEhjzq5oxgHyaCU9yYXvcLsvoVaHJq/s5xXI6/XXP6tz7R9xAOtHnSO/tXtF3WRTlA==}

  oxlint-tsgolint@0.23.0:
    resolution: {integrity: sha512-3mBv3CoPbh8dFbzfDGIWa2ytZjn2v+3EX4aKRXjIhsoGFzG8GCjfRirz3rwZf1wYbZzsNLTSgpw8VjQuWdp/jA==}
    hasBin: true

  oxlint@1.77.0:
    resolution: {integrity: sha512-qnGh8XJHaQ0dprrDXNQZgS0FgjI6v+V3+X8DwmaV++5Aamy6jGKfDdQ1TUvhUxtmKFAbEf4/WeO5QZX+5WSngg==}
    engines: {node: ^20.19.0 || >=22.12.0}
    hasBin: true
    peerDependencies:
      oxlint-tsgolint: '>=7.0.2001'
      vite-plus: '*'
    peerDependenciesMeta:
      oxlint-tsgolint:
        optional: true
      vite-plus:
        optional: true

  package-json-from-dist@1.0.1:
    resolution: {integrity: sha512-UEZIS3/by4OC8vL3P2dTXRETpebLI2NiI5vIrjaD/5UtrkFX/tNbwjTSRAGC/+7CAo2pIcBaRgWmcBBHcsaCIw==}

  path-scurry@2.0.2:
    resolution: {integrity: sha512-3O/iVVsJAPsOnpwWIeD+d6z/7PmqApyQePUtCndjatj/9I5LylHvt5qluFaBT3I5h3r1ejfR056c+FCv+NnNXg==}
    engines: {node: 18 || 20 || >=22}

  rimraf@6.1.3:
    resolution: {integrity: sha512-LKg+Cr2ZF61fkcaK1UdkH2yEBBKnYjTyWzTJT6KNPcSPaiT7HSdhtMXQuN5wkTX0Xu72KQ1l8S42rlmexS2hSA==}
    engines: {node: 20 || >=22}
    hasBin: true

  typescript@6.0.3:
    resolution: {integrity: sha512-y2TvuxSZPDyQakkFRPZHKFm+KKVqIisdg9/CZwm9ftvKXLP8NRWj38/ODjNbr43SsoXqNuAisEf1GdCxqWcdBw==}
    engines: {node: '>=14.17'}
    hasBin: true

  undici-types@7.18.2:
    resolution: {integrity: sha512-AsuCzffGHJybSaRrmr5eHr81mwJU3kjw6M+uprWvCXiNeN9SOGwQ3Jn8jb8m3Z6izVgknn1R0FTCEAP2QrLY/w==}

  ws@8.21.1:
    resolution: {integrity: sha512-+0NTnW77fFN/DjQi6k/Sq/Yvk4Sgajw7urW8V+asjXnRgDs9gyGkdb7EzgfhA4goXsRIZKE28fzIXBHEzhuiWw==}
    engines: {node: '>=10.0.0'}
    peerDependencies:
      bufferutil: ^4.0.1
      utf-8-validate: '>=5.0.2'
    peerDependenciesMeta:
      bufferutil:
        optional: true
      utf-8-validate:
        optional: true

snapshots:

  '@dprint/darwin-arm64@0.54.0':
    optional: true

  '@dprint/darwin-x64@0.54.0':
    optional: true

  '@dprint/linux-arm64-glibc@0.54.0':
    optional: true

  '@dprint/linux-arm64-musl@0.54.0':
    optional: true

  '@dprint/linux-loong64-glibc@0.54.0':
    optional: true

  '@dprint/linux-loong64-musl@0.54.0':
    optional: true

  '@dprint/linux-riscv64-glibc@0.54.0':
    optional: true

  '@dprint/linux-x64-glibc@0.54.0':
    optional: true

  '@dprint/linux-x64-musl@0.54.0':
    optional: true

  '@dprint/typescript@0.96.1': {}

  '@dprint/win32-arm64@0.54.0':
    optional: true

  '@dprint/win32-x64@0.54.0':
    optional: true

  '@oxlint-tsgolint/darwin-arm64@0.23.0':
    optional: true

  '@oxlint-tsgolint/darwin-x64@0.23.0':
    optional: true

  '@oxlint-tsgolint/linux-arm64@0.23.0':
    optional: true

  '@oxlint-tsgolint/linux-x64@0.23.0':
    optional: true

  '@oxlint-tsgolint/win32-arm64@0.23.0':
    optional: true

  '@oxlint-tsgolint/win32-x64@0.23.0':
    optional: true

  '@oxlint/binding-android-arm-eabi@1.77.0':
    optional: true

  '@oxlint/binding-android-arm64@1.77.0':
    optional: true

  '@oxlint/binding-darwin-arm64@1.77.0':
    optional: true

  '@oxlint/binding-darwin-x64@1.77.0':
    optional: true

  '@oxlint/binding-freebsd-x64@1.77.0':
    optional: true

  '@oxlint/binding-linux-arm-gnueabihf@1.77.0':
    optional: true

  '@oxlint/binding-linux-arm-musleabihf@1.77.0':
    optional: true

  '@oxlint/binding-linux-arm64-gnu@1.77.0':
    optional: true

  '@oxlint/binding-linux-arm64-musl@1.77.0':
    optional: true

  '@oxlint/binding-linux-ppc64-gnu@1.77.0':
    optional: true

  '@oxlint/binding-linux-riscv64-gnu@1.77.0':
    optional: true

  '@oxlint/binding-linux-riscv64-musl@1.77.0':
    optional: true

  '@oxlint/binding-linux-s390x-gnu@1.77.0':
    optional: true

  '@oxlint/binding-linux-x64-gnu@1.77.0':
    optional: true

  '@oxlint/binding-linux-x64-musl@1.77.0':
    optional: true

  '@oxlint/binding-openharmony-arm64@1.77.0':
    optional: true

  '@oxlint/binding-win32-arm64-msvc@1.77.0':
    optional: true

  '@oxlint/binding-win32-ia32-msvc@1.77.0':
    optional: true

  '@oxlint/binding-win32-x64-msvc@1.77.0':
    optional: true

  '@tsconfig/node24@24.0.4': {}

  '@types/debug@4.1.13':
    dependencies:
      '@types/ms': 2.1.0

  '@types/ms@2.1.0': {}

  '@types/node@24.13.3':
    dependencies:
      undici-types: 7.18.2

  '@types/ws@8.18.1':
    dependencies:
      '@types/node': 24.13.3

  balanced-match@4.0.4: {}

  brace-expansion@5.0.9:
    dependencies:
      balanced-match: 4.0.4

  debug@4.4.3:
    dependencies:
      ms: 2.1.3

  dprint@0.54.0:
    optionalDependencies:
      '@dprint/darwin-arm64': 0.54.0
      '@dprint/darwin-x64': 0.54.0
      '@dprint/linux-arm64-glibc': 0.54.0
      '@dprint/linux-arm64-musl': 0.54.0
      '@dprint/linux-loong64-glibc': 0.54.0
      '@dprint/linux-loong64-musl': 0.54.0
      '@dprint/linux-riscv64-glibc': 0.54.0
      '@dprint/linux-x64-glibc': 0.54.0
      '@dprint/linux-x64-musl': 0.54.0
      '@dprint/win32-arm64': 0.54.0
      '@dprint/win32-x64': 0.54.0

  eventemitter2@6.4.9: {}

  glob@13.0.6:
    dependencies:
      minimatch: 10.2.6
      minipass: 7.1.3
      path-scurry: 2.0.2

  globals@17.9.0: {}

  lru-cache@11.5.2: {}

  minimatch@10.2.6:
    dependencies:
      brace-expansion: 5.0.9

  minipass@7.1.3: {}

  ms@2.1.3: {}

  oxlint-tsgolint@0.23.0:
    optionalDependencies:
      '@oxlint-tsgolint/darwin-arm64': 0.23.0
      '@oxlint-tsgolint/darwin-x64': 0.23.0
      '@oxlint-tsgolint/linux-arm64': 0.23.0
      '@oxlint-tsgolint/linux-x64': 0.23.0
      '@oxlint-tsgolint/win32-arm64': 0.23.0
      '@oxlint-tsgolint/win32-x64': 0.23.0

  oxlint@1.77.0(oxlint-tsgolint@0.23.0):
    optionalDependencies:
      '@oxlint/binding-android-arm-eabi': 1.77.0
      '@oxlint/binding-android-arm64': 1.77.0
      '@oxlint/binding-darwin-arm64': 1.77.0
      '@oxlint/binding-darwin-x64': 1.77.0
      '@oxlint/binding-freebsd-x64': 1.77.0
      '@oxlint/binding-linux-arm-gnueabihf': 1.77.0
      '@oxlint/binding-linux-arm-musleabihf': 1.77.0
      '@oxlint/binding-linux-arm64-gnu': 1.77.0
      '@oxlint/binding-linux-arm64-musl': 1.77.0
      '@oxlint/binding-linux-ppc64-gnu': 1.77.0
      '@oxlint/binding-linux-riscv64-gnu': 1.77.0
      '@oxlint/binding-linux-riscv64-musl': 1.77.0
      '@oxlint/binding-linux-s390x-gnu': 1.77.0
      '@oxlint/binding-linux-x64-gnu': 1.77.0
      '@oxlint/binding-linux-x64-musl': 1.77.0
      '@oxlint/binding-openharmony-arm64': 1.77.0
      '@oxlint/binding-win32-arm64-msvc': 1.77.0
      '@oxlint/binding-win32-ia32-msvc': 1.77.0
      '@oxlint/binding-win32-x64-msvc': 1.77.0
      oxlint-tsgolint: 0.23.0

  package-json-from-dist@1.0.1: {}

  path-scurry@2.0.2:
    dependencies:
      lru-cache: 11.5.2
      minipass: 7.1.3

  rimraf@6.1.3:
    dependencies:
      glob: 13.0.6
      package-json-from-dist: 1.0.1

  typescript@6.0.3: {}

  undici-types@7.18.2: {}

  ws@8.21.1: {}
